
Microsoft Visual Studio Solution File, Format Version 12.00
# Visual Studio Version 17
VisualStudioVersion = 17.5.002.0
MinimumVisualStudioVersion = 10.0.40219.1
Project("{9A19103F-16F7-4668-BE54-9A1E7A4F7556}") = "basics", "basics\basics.csproj", "{CF521C5C-E8A6-4FA4-A5AE-DA822EBFD87F}"
EndProject
Global
	GlobalSection(SolutionConfigurationPlatforms) = preSolution
		Debug|Any CPU = Debug|Any CPU
		Release|Any CPU = Release|Any CPU
	EndGlobalSection
	GlobalSection(ProjectConfigurationPlatforms) = postSolution
		{CF521C5C-E8A6-4FA4-A5AE-DA822EBFD87F}.Debug|Any CPU.ActiveCfg = Debug|Any CPU
		{CF521C5C-E8A6-4FA4-A5AE-DA822EBFD87F}.Debug|Any CPU.Build.0 = Debug|Any CPU
		{CF521C5C-E8A6-4FA4-A5AE-DA822EBFD87F}.Release|Any CPU.ActiveCfg = Release|Any CPU
		{CF521C5C-E8A6-4FA4-A5AE-DA822EBFD87F}.Release|Any CPU.Build.0 = Release|Any CPU
	EndGlobalSection
	GlobalSection(SolutionProperties) = preSolution
		HideSolutionNode = FALSE
	EndGlobalSection
	GlobalSection(ExtensibilityGlobals) = postSolution
		SolutionGuid = {CAD177D4-68E1-4387-87F3-C3E15BC95120}
	EndGlobalSection
EndGlobal
