
Microsoft Visual Studio Solution File, Format Version 12.00
# Visual Studio Version 17
VisualStudioVersion = 17.5.002.0
MinimumVisualStudioVersion = 10.0.40219.1
Project("{9A19103F-16F7-4668-BE54-9A1E7A4F7556}") = "WebApi", "WebApi.csproj", "{2ED44B8C-E8AC-4AA8-98F2-988257BEAAFE}"
EndProject
Global
	GlobalSection(SolutionConfigurationPlatforms) = preSolution
		Debug|Any CPU = Debug|Any CPU
		Release|Any CPU = Release|Any CPU
	EndGlobalSection
	GlobalSection(ProjectConfigurationPlatforms) = postSolution
		{2ED44B8C-E8AC-4AA8-98F2-988257BEAAFE}.Debug|Any CPU.ActiveCfg = Debug|Any CPU
		{2ED44B8C-E8AC-4AA8-98F2-988257BEAAFE}.Debug|Any CPU.Build.0 = Debug|Any CPU
		{2ED44B8C-E8AC-4AA8-98F2-988257BEAAFE}.Release|Any CPU.ActiveCfg = Release|Any CPU
		{2ED44B8C-E8AC-4AA8-98F2-988257BEAAFE}.Release|Any CPU.Build.0 = Release|Any CPU
	EndGlobalSection
	GlobalSection(SolutionProperties) = preSolution
		HideSolutionNode = FALSE
	EndGlobalSection
	GlobalSection(ExtensibilityGlobals) = postSolution
		SolutionGuid = {A0F5C9A0-F258-46BB-AF85-D0880ED67A05}
	EndGlobalSection
EndGlobal
